version: 6
environments:
  default:
    channels:
    - url: https://conda.anaconda.org/conda-forge/
    - url: https://conda.anaconda.org/bioconda/
    indexes:
    - https://pypi.org/simple
    options:
      pypi-prerelease-mode: if-necessary-or-explicit
    packages:
      osx-arm64:
      - conda: https://conda.anaconda.org/bioconda/osx-arm64/blast-2.17.0-h81fc81c_1.conda
      - conda: https://conda.anaconda.org/conda-forge/osx-arm64/bzip2-1.0.8-h4e30115_10.conda
      - conda: https://conda.anaconda.org/conda-forge/osx-arm64/c-ares-1.34.8-h74c22ad_2.conda
      - conda: https://conda.anaconda.org/conda-forge/noarch/ca-certificates-2026.7.22-hbd8a1cb_0.conda
      - conda: https://conda.anaconda.org/conda-forge/osx-arm64/curl-8.22.0-h6651222_0.conda
      - conda: https://conda.anaconda.org/bioconda/osx-arm64/entrez-direct-26.0-h2869703_0.conda
      - conda: https://conda.anaconda.org/bioconda/osx-arm64/fasttree-2.2.0-hd34ca47_1.conda
      - conda: https://conda.anaconda.org/conda-forge/osx-arm64/icu-78.3-py310h579977c_2.conda
      - conda: https://conda.anaconda.org/conda-forge/osx-arm64/krb5-1.22.2-h34f8a20_2.conda
      - conda: https://conda.anaconda.org/conda-forge/osx-arm64/libcurl-8.22.0-h6651222_0.conda
      - conda: https://conda.anaconda.org/conda-forge/osx-arm64/libcxx-23.1.1-h55c6f16_0.conda
      - conda: https://conda.anaconda.org/conda-forge/osx-arm64/libedit-3.1.20250104-pl5321h26f1114_1.conda
      - conda: https://conda.anaconda.org/conda-forge/osx-arm64/libev-4.33-h1a92334_3.conda
      - conda: https://conda.anaconda.org/conda-forge/osx-arm64/libexpat-2.8.1-hf6b4638_1.conda
      - conda: https://conda.anaconda.org/conda-forge/osx-arm64/libffi-3.7.0-h47dc5ef_1.conda
      - conda: https://conda.anaconda.org/conda-forge/osx-arm64/libiconv-1.18-he4c29f2_3.conda
      - conda: https://conda.anaconda.org/conda-forge/osx-arm64/libidn2-2.3.8-ha90df94_1.conda
      - conda: https://conda.anaconda.org/conda-forge/osx-arm64/libintl-0.25.1-h493aca8_0.conda
      - conda: https://conda.anaconda.org/conda-forge/osx-arm64/liblzma-5.8.3-h8088a28_1.conda
      - conda: https://conda.anaconda.org/conda-forge/osx-arm64/libnghttp2-1.68.1-h435687b_1.conda
      - conda: https://conda.anaconda.org/conda-forge/osx-arm64/libpsl-0.23.1-hdb0c161_1.conda
      - conda: https://conda.anaconda.org/conda-forge/osx-arm64/libpython-3.12.14-h4e5ec87_3_cpython.conda
      - conda: https://conda.anaconda.org/conda-forge/osx-arm64/libsqlite-3.53.4-hca69786_1.conda
      - conda: https://conda.anaconda.org/conda-forge/osx-arm64/libssh2-1.11.1-hbf2880b_1.conda
      - conda: https://conda.anaconda.org/conda-forge/osx-arm64/libunistring-0.9.10-h3422bc3_0.tar.bz2
      - conda: https://conda.anaconda.org/conda-forge/osx-arm64/libzlib-1.3.2-h8088a28_3.conda
      - conda: https://conda.anaconda.org/conda-forge/osx-arm64/llvm-openmp-23.1.1-hdb3d66b_0.conda
      - conda: https://conda.anaconda.org/bioconda/osx-arm64/muscle-3.8.1551-h4675bf2_9.tar.bz2
      - conda: https://conda.anaconda.org/bioconda/osx-arm64/ncbi-vdb-3.4.1-hfc726f9_0.conda
      - conda: https://conda.anaconda.org/conda-forge/osx-arm64/ncurses-6.6-he64c551_1.conda
      - conda: https://conda.anaconda.org/conda-forge/osx-arm64/openssl-3.6.4-h55eecbc_0.conda
      - conda: https://conda.anaconda.org/conda-forge/osx-arm64/pcre2-10.47-he63d830_1.conda
      - conda: https://conda.anaconda.org/conda-forge/osx-arm64/perl-5.32.1-7_h4614cfb_perl5.conda
      - conda: https://conda.anaconda.org/bioconda/noarch/perl-archive-tar-3.12-pl5321hdfd78af_0.conda
      - conda: https://conda.anaconda.org/conda-forge/noarch/perl-carp-1.50-pl5321hd8ed1ab_0.tar.bz2
      - conda: https://conda.anaconda.org/conda-forge/noarch/perl-common-sense-3.75-pl5321hd8ed1ab_0.tar.bz2
      - conda: https://conda.anaconda.org/conda-forge/osx-arm64/perl-compress-raw-bzip2-2.214-pl5321h2ddc596_0.conda
      - conda: https://conda.anaconda.org/conda-forge/osx-arm64/perl-compress-raw-zlib-2.214-pl5321ha1c2b25_0.conda
      - conda: https://conda.anaconda.org/conda-forge/osx-arm64/perl-encode-3.24-pl5321h84a0fba_0.conda
      - conda: https://conda.anaconda.org/conda-forge/noarch/perl-exporter-5.74-pl5321hd8ed1ab_0.tar.bz2
      - conda: https://conda.anaconda.org/conda-forge/noarch/perl-exporter-tiny-1.002002-pl5321hd8ed1ab_0.tar.bz2
      - conda: https://conda.anaconda.org/conda-forge/noarch/perl-extutils-makemaker-7.70-pl5321hd8ed1ab_0.conda
      - conda: https://conda.anaconda.org/bioconda/osx-arm64/perl-io-compress-2.216-pl5321haef7865_0.conda
      - conda: https://conda.anaconda.org/bioconda/noarch/perl-io-zlib-1.15-pl5321hdfd78af_1.tar.bz2
      - conda: https://conda.anaconda.org/bioconda/noarch/perl-json-4.11-pl5321hdfd78af_0.conda
      - conda: https://conda.anaconda.org/bioconda/osx-arm64/perl-json-xs-4.04-pl5321h4675bf2_0.conda
      - conda: https://conda.anaconda.org/bioconda/noarch/perl-list-moreutils-0.430-pl5321hdfd78af_0.tar.bz2
      - conda: https://conda.anaconda.org/bioconda/osx-arm64/perl-list-moreutils-xs-0.430-pl5321hbdacb55_5.tar.bz2
      - conda: https://conda.anaconda.org/conda-forge/noarch/perl-parent-0.243-pl5321hd8ed1ab_0.conda
      - conda: https://conda.anaconda.org/conda-forge/osx-arm64/perl-pathtools-3.75-pl5321hc71e825_2.conda
      - conda: https://conda.anaconda.org/conda-forge/osx-arm64/perl-scalar-list-utils-1.70-pl5321h44e845a_0.conda
      - conda: https://conda.anaconda.org/conda-forge/osx-arm64/perl-storable-3.15-pl5321hc71e825_2.conda
      - conda: https://conda.anaconda.org/bioconda/noarch/perl-types-serialiser-1.01-pl5321hdfd78af_0.tar.bz2
      - conda: https://conda.anaconda.org/conda-forge/osx-arm64/python-3.12.14-hd05a0c4_3_cpython.conda
      - conda: https://conda.anaconda.org/conda-forge/osx-arm64/readline-8.3-h8b90a29_1.conda
      - conda: https://conda.anaconda.org/conda-forge/osx-arm64/tk-8.6.13-hbeba79b_4.conda
      - conda: https://conda.anaconda.org/conda-forge/noarch/tzdata-2026c-h151e31d_0.conda
      - conda: https://conda.anaconda.org/conda-forge/osx-arm64/wget-1.25.0-h7ba78b2_1.conda
      - conda: https://conda.anaconda.org/conda-forge/osx-arm64/zlib-1.3.2-h8088a28_3.conda
      - conda: https://conda.anaconda.org/conda-forge/osx-arm64/zstd-1.5.7-hf451053_7.conda
      - pypi: https://files.pythonhosted.org/packages/83/b4/fbd2f53d06bd2c98d7f52da05a1d4cc838e4921ca6daa839a30d72d89256/biopython-1.88-cp312-cp312-macosx_11_0_arm64.whl
      - pypi: https://files.pythonhosted.org/packages/d1/d6/3965ed04c63042e047cb6a3e6ed1a63a35087b6a609aa3a15ed8ac56c221/colorama-0.4.6-py2.py3-none-any.whl
      - pypi: https://files.pythonhosted.org/packages/c1/8b/5fe2cc11fee489817272089c4203e679c63b570a5aaeb18d852ae3cbba6a/et_xmlfile-2.0.0-py3-none-any.whl
      - pypi: https://files.pythonhosted.org/packages/cf/59/f26e8bfab088a3989bf1f61b836637039758a22df2d9fc6be491c5a6ccef/ete3-3.1.3.tar.gz
      - pypi: https://files.pythonhosted.org/packages/40/b5/1b84b2c784db76d69442334bc8b8748c840f13ca53be086f4f250ad4a0bc/narwhals-2.26.0-py3-none-any.whl
      - pypi: https://files.pythonhosted.org/packages/ea/12/92c4c131527599e8288d6918e888d88726f84d805d784b771f32408aeaef/numpy-2.4.6-cp312-cp312-macosx_11_0_arm64.whl
      - pypi: https://files.pythonhosted.org/packages/c0/da/977ded879c29cbd04de313843e76868e6e13408a94ed6b987245dc7c8506/openpyxl-3.1.5-py2.py3-none-any.whl
      - pypi: https://files.pythonhosted.org/packages/63/34/ba1c580383c9eada3711951fef0795c80b829a078d72188184bcab9dd527/packaging-26.3-py3-none-any.whl
      - pypi: https://files.pythonhosted.org/packages/68/56/fbe81c09195924d8b7b8d4461a20458fe80a6a5ed6b24f0314da684277e1/pandas-3.0.5-cp312-cp312-macosx_11_0_arm64.whl
      - pypi: https://files.pythonhosted.org/packages/e0/2f/6f492108d9955bac97979d9949c1b35eab30fc630b1f22bbdd2c7cacbab4/plotly-7.0.0-py3-none-any.whl
      - pypi: https://files.pythonhosted.org/packages/11/64/42ec1b0bd72d87f87bde6ceb6869f444d91a2d601f2e67cd05febc0346a1/PyQt5-5.15.11-cp38-abi3-macosx_11_0_arm64.whl
      - pypi: https://files.pythonhosted.org/packages/1c/d0/fd4876b90bbadaa92444ff452ab78d9ba839014a6d303e77d29c0c591631/pyqt5_qt5-5.15.19-py3-none-macosx_11_0_arm64.whl
      - pypi: https://files.pythonhosted.org/packages/bf/0c/d3475b2f91d724d87e7bd43193521fd452b025c29c28308c00c8e8b82cbb/pyqt5_sip-12.19.0-cp312-cp312-macosx_10_9_universal2.whl
      - pypi: https://files.pythonhosted.org/packages/32/36/4c242f81fdcbfa4fb62a5645f6af79191f4097a0577bd5460c24f19cc4ef/pyqtgraph-0.14.0-py3-none-any.whl
      - pypi: https://files.pythonhosted.org/packages/2e/3d/8961b3bb00c0979280a1a160c745e1d543b4d5823f8a71dfa370898b5699/PyQtWebEngine-5.15.7-cp38-abi3-macosx_11_0_arm64.whl
      - pypi: https://files.pythonhosted.org/packages/6c/a0/119d8be390b561539dccedc7135ddac8ac303c54dad8ea45fd163f58d288/pyqtwebengine_qt5-5.15.19-py3-none-macosx_11_0_arm64.whl
      - pypi: https://files.pythonhosted.org/packages/ec/57/56b9bcc3c9c6a792fcbaf139543cee77261f3651ca9da0c93f5c1221264b/python_dateutil-2.9.0.post0-py2.py3-none-any.whl
      - pypi: https://files.pythonhosted.org/packages/50/a0/488285cb71c61798e8f46d5df854b7df6da2bc06f4936a6c470ca47465eb/QLed-1.3.1-py2.py3-none-any.whl
      - pypi: https://files.pythonhosted.org/packages/b7/ce/149a00dd41f10bc29e5921b496af8b574d8413afcd5e30dfa0ed46c2cc5e/six-1.17.0-py2.py3-none-any.whl
packages:
- pypi: https://files.pythonhosted.org/packages/83/b4/fbd2f53d06bd2c98d7f52da05a1d4cc838e4921ca6daa839a30d72d89256/biopython-1.88-cp312-cp312-macosx_11_0_arm64.whl
  name: biopython
  version: '1.88'
  sha256: 43ce1fbed01c0ddb903fa426fa0f836062d973a09df15560ac8e895da24c1350
  requires_dist:
  - numpy
  requires_python: '>=3.10'
- conda: https://conda.anaconda.org/bioconda/osx-arm64/blast-2.17.0-h81fc81c_1.conda
  sha256: 1dc98f7c569f5b8afee8e929dad096672a72b2989a153fd9e7d128930fed3fea
  md5: eefd32affc789637ff93fdec0285df48
  depends:
  - __osx >=11.0
  - bzip2 >=1.0.8,<2.0a0
  - curl
  - entrez-direct >=26.0,<27.0a0
  - libcxx >=19
  - libsqlite >=3.53.4,<4.0a0
  - libzlib >=1.3.2,<2.0a0
  - llvm-openmp >=19.1.7
  - ncbi-vdb >=3.4.1,<4.0a0
  - perl
  - perl-archive-tar
  - perl-json
  - perl-list-moreutils
  license: NCBI-PD
  size: 142274378
  timestamp: 1787400338780
- conda: https://conda.anaconda.org/conda-forge/osx-arm64/bzip2-1.0.8-h4e30115_10.conda
  sha256: 8ec22f0ba25cbfc2e64d70cf29459eccd7ffdf6436f6a6ff15bbfef799f7d4f6
  md5: b50612e7d190b8061ab4e7dc119cf4d5
  depends:
  - __osx >=11.0
  license: bzip2-1.0.6
  license_family: BSD
  purls: []
  size: 124965
  timestamp: 1785906749812
- conda: https://conda.anaconda.org/conda-forge/osx-arm64/c-ares-1.34.8-h74c22ad_2.conda
  sha256: 82bdd5a3fcada6afef6255a9bf41172f07b362f36e04a354dc2abc0a29bfb756
  md5: 4cc01a374215de38387d45e19c8c5c9c
  depends:
  - __osx >=11.0
  license: MIT
  license_family: MIT
  purls: []
  size: 197819
  timestamp: 1787169996553
- conda: https://conda.anaconda.org/conda-forge/noarch/ca-certificates-2026.7.22-hbd8a1cb_0.conda
  sha256: 0a0544cf95f64394fe4959286f5c71f5444ad58feb0602e53becb27448d24da6
  md5: 0f51e2391ade309db462a55611263e9c
  depends:
  - __unix
  license: ISC
  purls: []
  size: 131780
  timestamp: 1784754889428
- pypi: https://files.pythonhosted.org/packages/d1/d6/3965ed04c63042e047cb6a3e6ed1a63a35087b6a609aa3a15ed8ac56c221/colorama-0.4.6-py2.py3-none-any.whl
  name: colorama
  version: 0.4.6
  sha256: 4f1d9991f5acc0ca119f9d443620b77f9d6b33703e51011c16baf57afb285fc6
  requires_python: '>=2.7,!=3.0.*,!=3.1.*,!=3.2.*,!=3.3.*,!=3.4.*,!=3.5.*,!=3.6.*'
- conda: https://conda.anaconda.org/conda-forge/osx-arm64/curl-8.22.0-h6651222_0.conda
  sha256: 40e26cf024eaf44707a6368af4e34104bda844ef9213bb82d0ee4b77d83a8c07
  md5: e3e65b70a52a7819dd63c31f9dce7209
  depends:
  - __osx >=11.0
  - krb5 >=1.22.2,<1.23.0a0
  - libcurl 8.22.0 h6651222_0
  - libpsl >=0.23.1,<0.24.0a0
  - libssh2 >=1.11.1,<2.0a0
  - libzlib >=1.3.2,<2.0a0
  - openssl >=3.5.8,<4.0a0
  - zstd >=1.5.7,<1.6.0a0
  license: curl
  license_family: MIT
  purls: []
  size: 182000
  timestamp: 1788340714708
- conda: https://conda.anaconda.org/bioconda/osx-arm64/entrez-direct-26.0-h2869703_0.conda
  sha256: 2b7885a37b171b688647ea5553dfdb579b99bffb5d103b7f63c65212f64ebcd5
  md5: cd5eeca8fc0ab5e42b8219bb6c7d4e85
  depends:
  - __osx >=11.0
  - wget
  license: Public Domain
  purls: []
  size: 15123810
  timestamp: 1785702612164
- pypi: https://files.pythonhosted.org/packages/c1/8b/5fe2cc11fee489817272089c4203e679c63b570a5aaeb18d852ae3cbba6a/et_xmlfile-2.0.0-py3-none-any.whl
  name: et-xmlfile
  version: 2.0.0
  sha256: 7a91720bc756843502c3b7504c77b8fe44217c85c537d85037f0f536151b2caa
  requires_python: '>=3.8'
- pypi: https://files.pythonhosted.org/packages/cf/59/f26e8bfab088a3989bf1f61b836637039758a22df2d9fc6be491c5a6ccef/ete3-3.1.3.tar.gz
  name: ete3
  version: 3.1.3
  sha256: 06a3b7fa8ed90187b076a8dbbe5b1b62acee94201d3c6e822f55f449601ef6f2
- conda: https://conda.anaconda.org/bioconda/osx-arm64/fasttree-2.2.0-hd34ca47_1.conda
  sha256: 8d864c33a9a1a9be767368c7e1f007725c7ce4988000fcfdd47f2f50cd6b5145
  md5: 9f4e12a7c579ebcddc06a881a89c88eb
  depends:
  - llvm-openmp >=18.1.8
  license: GPL-2.0-or-later
  license_family: GPL
  size: 171404
  timestamp: 1764102270600
- conda: https://conda.anaconda.org/conda-forge/osx-arm64/icu-78.3-py310h579977c_2.conda
  sha256: 6cdb5dee54c72e56ab189fb3ad33cb28533553d42590e7e831160248f4416a43
  md5: a5efc0b42bb8b42e97d0a29ae3e3c187
  depends:
  - __osx >=11.0
  license: MIT
  license_family: MIT
  purls: []
  size: 14070242
  timestamp: 1786545847761
- conda: https://conda.anaconda.org/conda-forge/osx-arm64/krb5-1.22.2-h34f8a20_2.conda
  sha256: aaea1d42b07769920db2af7471ece9399d2613448863da64ad8272998db5db34
  md5: 15235dd10450d67bc25ccafd5b46d2bc
  depends:
  - __osx >=11.0
  - libcxx >=21
  - libedit >=3.1.20250104,<3.2.0a0
  - libedit >=3.1.20250104,<4.0a0
  - openssl >=3.5.7,<4.0a0
  license: MIT
  license_family: MIT
  purls: []
  size: 1165740
  timestamp: 1786762145768
- conda: https://conda.anaconda.org/conda-forge/osx-arm64/libcurl-8.22.0-h6651222_0.conda
  sha256: 46def32ec20d4dc6bce75d90fe5f2465a71cc22acef608c5ba37cc392e80e01d
  md5: a7234b8d8e19a089dcb1eaaa18de1045
  depends:
  - __osx >=11.0
  - krb5 >=1.22.2,<1.23.0a0
  - libnghttp2 >=1.68.1,<2.0a0
  - libpsl >=0.23.1,<0.24.0a0
  - libssh2 >=1.11.1,<2.0a0
  - libzlib >=1.3.2,<2.0a0
  - openssl >=3.5.8,<4.0a0
  - zstd >=1.5.7,<1.6.0a0
  license: curl
  license_family: MIT
  purls: []
  size: 419925
  timestamp: 1788340708264
- conda: https://conda.anaconda.org/conda-forge/osx-arm64/libcxx-23.1.1-h55c6f16_0.conda
  sha256: 3f902803f0fc2643a4f82ff15a06811d974ff5fb6fa8f957720a7ef84e13ad98
  md5: b61106a0b5ac7cfe874f8b2e4f067dfa
  depends:
  - __osx >=11.0
  license: Apache-2.0 WITH LLVM-exception
  license_family: Apache
  purls: []
  size: 578565
  timestamp: 1788869180613
- conda: https://conda.anaconda.org/conda-forge/osx-arm64/libedit-3.1.20250104-pl5321h26f1114_1.conda
  sha256: 257c926f19e32bdb981fc674c76966049b6fc73f706bae58e9fed8757ad1da70
  md5: 843ef89082f368cb889305084d3b483c
  depends:
  - ncurses
  - __osx >=11.0
  - ncurses >=6.6,<7.0a0
  license: BSD-2-Clause
  license_family: BSD
  purls: []
  size: 107742
  timestamp: 1786616721640
- conda: https://conda.anaconda.org/conda-forge/osx-arm64/libev-4.33-h1a92334_3.conda
  sha256: c0100064506ae8abb432c5a506d474f10af2cf48c33d62bc221fb28b6d6ff6ac
  md5: 19e86c8a6a47e92bb2e70ca12e758c5c
  depends:
  - __osx >=11.0
  license: BSD-2-Clause OR GPL-2.0-or-later
  license_family: GPL
  purls: []
  size: 39991
  timestamp: 1785917376956
- conda: https://conda.anaconda.org/conda-forge/osx-arm64/libexpat-2.8.1-hf6b4638_1.conda
  sha256: 5af74261101e3c777399c6294b2b5d290e508153268eb2e9ff99c4d69834612f
  md5: a915151d5d3c5bf039f5ccc8402a436f
  depends:
  - __osx >=11.0
  constrains:
  - expat 2.8.1.*
  license: MIT
  license_family: MIT
  purls: []
  size: 69362
  timestamp: 1781203631990
- conda: https://conda.anaconda.org/conda-forge/osx-arm64/libffi-3.7.0-h47dc5ef_1.conda
  sha256: 2783389a7b9dda04c62cc54c6bbeb03dd3cef24b3fc642715d02a3fa19464a9a
  md5: 216bbcc23c11e9695b3db4a8771d76eb
  depends:
  - __osx >=11.0
  license: MIT
  license_family: MIT
  purls: []
  size: 43637
  timestamp: 1787753403688
- conda: https://conda.anaconda.org/conda-forge/osx-arm64/libiconv-1.18-he4c29f2_3.conda
  sha256: 689a14968267f2f97c07112fca5636e7d756036b9aee969911267c20bd3eea1f
  md5: 17f4744c0873e9f77ac9b5cd0a27c187
  depends:
  - __osx >=11.0
  license: LGPL-2.1-only
  purls: []
  size: 750816
  timestamp: 1787033961086
- conda: https://conda.anaconda.org/conda-forge/osx-arm64/libidn2-2.3.8-ha90df94_1.conda
  sha256: 6d9d2db2c8a645f63073553e9497ea266507c940de42800f2f0faddbf00149cd
  md5: d4b2e2dd2a1a1e2df8b4a3f05034beb4
  depends:
  - __osx >=11.0
  - libintl >=0.25.1,<1.0a0
  - libunistring >=0,<1.0a0
  license: LGPL-2.0-only
  license_family: LGPL
  purls: []
  size: 145706
  timestamp: 1760385907428
- conda: https://conda.anaconda.org/conda-forge/osx-arm64/libintl-0.25.1-h493aca8_0.conda
  sha256: 99d2cebcd8f84961b86784451b010f5f0a795ed1c08f1e7c76fbb3c22abf021a
  md5: 5103f6a6b210a3912faf8d7db516918c
  depends:
  - __osx >=11.0
  - libiconv >=1.18,<2.0a0
  license: LGPL-2.1-or-later
  purls: []
  size: 90957
  timestamp: 1751558394144
- conda: https://conda.anaconda.org/conda-forge/osx-arm64/liblzma-5.8.3-h8088a28_1.conda
  sha256: 23d0630046a3e8b164d8f80f2b74ed2605af2e7050ab9913018056402fae4311
  md5: 8ab10323068b107661a4b9a4af84f3b5
  depends:
  - __osx >=11.0
  constrains:
  - xz 5.8.3.*
  license: 0BSD
  purls: []
  size: 91720
  timestamp: 1786348695846
- conda: https://conda.anaconda.org/conda-forge/osx-arm64/libnghttp2-1.68.1-h435687b_1.conda
  sha256: 445440d8cccccb6585f71d1eb7c949d64a2af2ced5481d924621424ff3b6a398
  md5: ac9902dcbe0417f50cf95ab2bde062fa
  depends:
  - __osx >=11.0
  - c-ares >=1.34.8,<2.0a0
  - libcxx >=21
  - libev >=4.33,<4.34.0a0
  - libev >=4.33,<5.0a0
  - libzlib >=1.3.2,<2.0a0
  - openssl >=3.5.7,<4.0a0
  license: MIT
  license_family: MIT
  purls: []
  size: 567024
  timestamp: 1787177422467
- conda: https://conda.anaconda.org/conda-forge/osx-arm64/libpsl-0.23.1-hdb0c161_1.conda
  sha256: c8c3153df39abedf3413483f672151ad70f1adb0c06c192bdf7ec432c3616b07
  md5: 5d270f716a2b4bc13df9af8612071b17
  depends:
  - __osx >=11.0
  - libcxx >=21
  - icu >=78.3,<79.0a0
  license: MIT
  license_family: MIT
  purls: []
  size: 72673
  timestamp: 1786970928205
- conda: https://conda.anaconda.org/conda-forge/osx-arm64/libpython-3.12.14-h4e5ec87_3_cpython.conda
  build_number: 3
  sha256: 8077074cff173a979bbd32b79455ba6f1b12468528eac155e96d8550c38770f6
  md5: 7fd5ad6d9d1ae0af3ae9f039a992a148
  depends:
  - __osx >=11.0
  - libcxx >=21
  license: Python-2.0
  purls: []
  size: 1741765
  timestamp: 1788407528160
- conda: https://conda.anaconda.org/conda-forge/osx-arm64/libsqlite-3.53.4-hca69786_1.conda
  sha256: 839b31d4830e896b4d315b551d27f2bb08026bc946df04bcc360d8627c3ba2cd
  md5: fde96d40ebe9a9cb34e4122380189ddb
  depends:
  - __osx >=11.0
  - icu >=78.3,<79.0a0
  - libzlib >=1.3.2,<2.0a0
  license: blessing
  purls: []
  size: 942754
  timestamp: 1787051243846
- conda: https://conda.anaconda.org/conda-forge/osx-arm64/libssh2-1.11.1-hbf2880b_1.conda
  sha256: a056e518c3d2d09fbb1778cea80c0c95338fb24adf1a817bbf90fb484850a304
  md5: d957a8eda98c49b073e8dcfd677c127a
  depends:
  - libzlib >=1.3.2,<2.0a0
  - openssl >=3.5.7,<4.0a0
  license: BSD-3-Clause
  license_family: BSD
  purls: []
  size: 280492
  timestamp: 1786714226814
- conda: https://conda.anaconda.org/conda-forge/osx-arm64/libunistring-0.9.10-h3422bc3_0.tar.bz2
  sha256: a1afe12ab199f82f339eae83405d293d197f2485d45346a709703bc7e8299949
  md5: d88e77a4861e20bd96bde6628ee7a5ae
  license: GPL-3.0-only OR LGPL-3.0-only
  purls: []
  size: 1577561
  timestamp: 1626955172521
- conda: https://conda.anaconda.org/conda-forge/osx-arm64/libzlib-1.3.2-h8088a28_3.conda
  sha256: a18fa5d5bac452401459f966cf0d872224e8080c4ff93c77e168d43ab42ef9d7
  md5: f39288f0ea63ae962e1a2e4f355a0d75
  depends:
  - __osx >=11.0
  constrains:
  - zlib 1.3.2 *_3
  license: Zlib
  license_family: Other
  purls: []
  size: 47822
  timestamp: 1785277049190
- conda: https://conda.anaconda.org/conda-forge/osx-arm64/llvm-openmp-23.1.1-hdb3d66b_0.conda
  sha256: 012e606dc31de2e4e173636a2ec13bc9b075498015cb65605b29e4f0bb9e481b
  md5: 22ecd4403fcaf2fbbafa2cd53a0e0f0c
  depends:
  - __osx >=11.0
  constrains:
  - intel-openmp <0.0a0
  - openmp 23.1.1|23.1.1.*
  license: Apache-2.0 WITH LLVM-exception
  license_family: APACHE
  purls: []
  size: 287782
  timestamp: 1788967337071
- conda: https://conda.anaconda.org/bioconda/osx-arm64/muscle-3.8.1551-h4675bf2_9.tar.bz2
  sha256: 3574b5bdedea443c77b31ead1699627409ca65a556f8105a102195f95453de7c
  md5: dc0c3c00f7de37379753a76fe210dd40
  depends:
  - libcxx >=18
  license: GPL-3.0-only
  purls: []
  size: 172150
  timestamp: 1752497690435
- pypi: https://files.pythonhosted.org/packages/40/b5/1b84b2c784db76d69442334bc8b8748c840f13ca53be086f4f250ad4a0bc/narwhals-2.26.0-py3-none-any.whl
  name: narwhals
  version: 2.26.0
  sha256: 29326d74f107c347fd1009bd58e38d9f7c7c5b51e6de97bc93dbc325d9038b54
  requires_dist:
  - cudf-cu12>=24.10.0 ; sys_platform == 'linux' and extra == 'cudf'
  - dask[dataframe]>=2024.8 ; extra == 'dask'
  - duckdb>=1.1 ; extra == 'duckdb'
  - ibis-framework>=6.0.0 ; extra == 'ibis'
  - packaging>=21.3 ; extra == 'ibis'
  - pyarrow-hotfix>=0.7 ; extra == 'ibis'
  - modin>=0.22.0 ; extra == 'modin'
  - pandas>=1.3.4 ; extra == 'pandas'
  - polars>=0.20.4 ; extra == 'polars'
  - pyarrow>=13.0.0 ; extra == 'pyarrow'
  - pyspark>=3.5.0 ; extra == 'pyspark'
  - pyspark[connect]>=3.5.0 ; extra == 'pyspark-connect'
  - narwhals[duckdb] ; extra == 'sql'
  - sqlparse>=0.5.5 ; extra == 'sql'
  - sqlframe>=3.22.0,!=3.39.3 ; extra == 'sqlframe'
  requires_python: '>=3.10'
- conda: https://conda.anaconda.org/bioconda/osx-arm64/ncbi-vdb-3.4.1-hfc726f9_0.conda
  sha256: 8e90015ecaefaaccd188f6986d97cdc67b91423889e0a4f1060f4dffad297960
  md5: d54d17cd6703898ef0f394f746ca3f13
  depends:
  - libcxx >=19
  license: Public Domain
  purls: []
  size: 4729608
  timestamp: 1774474005378
- conda: https://conda.anaconda.org/conda-forge/osx-arm64/ncurses-6.6-he64c551_1.conda
  sha256: 7024a48c8c0d0114ed4ab53c76bf9275d50e91ba7cea367a9aead638d3c29c68
  md5: 3dfa0d0316dc246cd44937a557de4501
  depends:
  - __osx >=11.0
  license: X11 AND BSD-3-Clause
  purls: []
  size: 804298
  timestamp: 1786355189145
- pypi: https://files.pythonhosted.org/packages/ea/12/92c4c131527599e8288d6918e888d88726f84d805d784b771f32408aeaef/numpy-2.4.6-cp312-cp312-macosx_11_0_arm64.whl
  name: numpy
  version: 2.4.6
  sha256: ebfb099f8dcf083deef3ac1ca4c1503f387cf76296fcb3816b66f5ecb5f54fdb
  requires_python: '>=3.11'
- pypi: https://files.pythonhosted.org/packages/c0/da/977ded879c29cbd04de313843e76868e6e13408a94ed6b987245dc7c8506/openpyxl-3.1.5-py2.py3-none-any.whl
  name: openpyxl
  version: 3.1.5
  sha256: 5282c12b107bffeef825f4617dc029afaf41d0ea60823bbb665ef3079dc79de2
  requires_dist:
  - et-xmlfile
  requires_python: '>=3.8'
- conda: https://conda.anaconda.org/conda-forge/osx-arm64/openssl-3.6.4-h55eecbc_0.conda
  sha256: f23239eacd75c4c50705e68fae1aa3292da473e6a3a4abe2330f1e6afa680704
  md5: ae71ab40048c19a389a7dcccb86c2481
  depends:
  - __osx >=11.0
  - ca-certificates
  license: Apache-2.0
  license_family: Apache
  purls: []
  size: 3110142
  timestamp: 1787698648639
- pypi: https://files.pythonhosted.org/packages/63/34/ba1c580383c9eada3711951fef0795c80b829a078d72188184bcab9dd527/packaging-26.3-py3-none-any.whl
  name: packaging
  version: '26.3'
  sha256: d7193f7c8e4e93f444fde0262bf90af30e16fa0ad0ad44cb553c87339b23cd1c
  requires_python: '>=3.9'
- pypi: https://files.pythonhosted.org/packages/68/56/fbe81c09195924d8b7b8d4461a20458fe80a6a5ed6b24f0314da684277e1/pandas-3.0.5-cp312-cp312-macosx_11_0_arm64.whl
  name: pandas
  version: 3.0.5
  sha256: c2e26bb46934b8a2ca0c3de1d3d606fc5f6746584791b2db264d58cf370e08dc
  requires_dist:
  - numpy>=1.26.0 ; python_full_version < '3.14'
  - numpy>=2.3.3 ; python_full_version >= '3.14'
  - python-dateutil>=2.8.2
  - tzdata ; sys_platform == 'win32'
  - tzdata ; sys_platform == 'emscripten'
  - hypothesis>=6.116.0 ; extra == 'test'
  - pytest>=8.3.4,<9.1 ; extra == 'test'
  - pytest-xdist>=3.6.1 ; extra == 'test'
  - pyarrow>=13.0.0 ; extra == 'pyarrow'
  - bottleneck>=1.4.2 ; extra == 'performance'
  - numba>=0.60.0 ; extra == 'performance'
  - numexpr>=2.10.2 ; extra == 'performance'
  - scipy>=1.14.1 ; extra == 'computation'
  - xarray>=2024.10.0 ; extra == 'computation'
  - fsspec>=2024.10.0 ; extra == 'fss'
  - s3fs>=2024.10.0 ; extra == 'aws'
  - gcsfs>=2024.10.0 ; extra == 'gcp'
  - odfpy>=1.4.1 ; extra == 'excel'
  - openpyxl>=3.1.5 ; extra == 'excel'
  - python-calamine>=0.3.0 ; extra == 'excel'
  - pyxlsb>=1.0.10 ; extra == 'excel'
  - xlrd>=2.0.1 ; extra == 'excel'
  - xlsxwriter>=3.2.0 ; extra == 'excel'
  - pyarrow>=13.0.0 ; extra == 'parquet'
  - pyarrow>=13.0.0 ; extra == 'feather'
  - pyiceberg>=0.8.1 ; extra == 'iceberg'
  - tables>=3.10.1 ; extra == 'hdf5'
  - pyreadstat>=1.2.8 ; extra == 'spss'
  - sqlalchemy>=2.0.36 ; extra == 'postgresql'
  - psycopg2>=2.9.10 ; extra == 'postgresql'
  - adbc-driver-postgresql>=1.2.0 ; extra == 'postgresql'
  - sqlalchemy>=2.0.36 ; extra == 'mysql'
  - pymysql>=1.1.1 ; extra == 'mysql'
  - sqlalchemy>=2.0.36 ; extra == 'sql-other'
  - adbc-driver-postgresql>=1.2.0 ; extra == 'sql-other'
  - adbc-driver-sqlite>=1.2.0 ; extra == 'sql-other'
  - beautifulsoup4>=4.12.3 ; extra == 'html'
  - html5lib>=1.1 ; extra == 'html'
  - lxml>=5.3.0 ; extra == 'html'
  - lxml>=5.3.0 ; extra == 'xml'
  - matplotlib>=3.9.3 ; extra == 'plot'
  - jinja2>=3.1.5 ; extra == 'output-formatting'
  - tabulate>=0.9.0 ; extra == 'output-formatting'
  - pyqt5>=5.15.9 ; extra == 'clipboard'
  - qtpy>=2.4.2 ; extra == 'clipboard'
  - zstandard>=0.23.0 ; extra == 'compression'
  - pytz>=2020.1 ; extra == 'timezone'
  - adbc-driver-postgresql>=1.2.0 ; extra == 'all'
  - adbc-driver-sqlite>=1.2.0 ; extra == 'all'
  - beautifulsoup4>=4.12.3 ; extra == 'all'
  - bottleneck>=1.4.2 ; extra == 'all'
  - fastparquet>=2024.11.0 ; extra == 'all'
  - fsspec>=2024.10.0 ; extra == 'all'
  - gcsfs>=2024.10.0 ; extra == 'all'
  - html5lib>=1.1 ; extra == 'all'
  - hypothesis>=6.116.0 ; extra == 'all'
  - jinja2>=3.1.5 ; extra == 'all'
  - lxml>=5.3.0 ; extra == 'all'
  - matplotlib>=3.9.3 ; extra == 'all'
  - numba>=0.60.0 ; extra == 'all'
  - numexpr>=2.10.2 ; extra == 'all'
  - odfpy>=1.4.1 ; extra == 'all'
  - openpyxl>=3.1.5 ; extra == 'all'
  - psycopg2>=2.9.10 ; extra == 'all'
  - pyarrow>=13.0.0 ; extra == 'all'
  - pyiceberg>=0.8.1 ; extra == 'all'
  - pymysql>=1.1.1 ; extra == 'all'
  - pyqt5>=5.15.9 ; extra == 'all'
  - pyreadstat>=1.2.8 ; extra == 'all'
  - pytest>=8.3.4 ; extra == 'all'
  - pytest-xdist>=3.6.1 ; extra == 'all'
  - python-calamine>=0.3.0 ; extra == 'all'
  - pytz>=2020.1 ; extra == 'all'
  - pyxlsb>=1.0.10 ; extra == 'all'
  - qtpy>=2.4.2 ; extra == 'all'
  - scipy>=1.14.1 ; extra == 'all'
  - s3fs>=2024.10.0 ; extra == 'all'
  - sqlalchemy>=2.0.36 ; extra == 'all'
  - tables>=3.10.1 ; extra == 'all'
  - tabulate>=0.9.0 ; extra == 'all'
  - xarray>=2024.10.0 ; extra == 'all'
  - xlrd>=2.0.1 ; extra == 'all'
  - xlsxwriter>=3.2.0 ; extra == 'all'
  - zstandard>=0.23.0 ; extra == 'all'
  requires_python: '>=3.11'
- conda: https://conda.anaconda.org/conda-forge/osx-arm64/pcre2-10.47-he63d830_1.conda
  sha256: f8c415329b542e1fca1ff2917b80e687c18302dfa0353530668b90cb225b494f
  md5: 5ab90033816cbe4097e8a297e5179f67
  depends:
  - __osx >=11.0
  - bzip2 >=1.0.8,<2.0a0
  - libzlib >=1.3.2,<2.0a0
  license: BSD-3-Clause
  license_family: BSD
  purls: []
  size: 851704
  timestamp: 1787294559157
- conda: https://conda.anaconda.org/conda-forge/osx-arm64/perl-5.32.1-7_h4614cfb_perl5.conda
  build_number: 7
  sha256: b0c55040d2994fd6bf2f83786561d92f72306d982d6ea12889acad24a9bf43b8
  md5: ba3cbe93f99e896765422cc5f7c3a79e
  license: GPL-1.0-or-later OR Artistic-1.0-Perl
  purls: []
  size: 14439531
  timestamp: 1703311335652
- conda: https://conda.anaconda.org/bioconda/noarch/perl-archive-tar-3.12-pl5321hdfd78af_0.conda
  sha256: fb56a9489a87fc238fc70da7a2329495204eec30f7a5f5af1014a6fb22b528f4
  md5: 4ee2727440bf9b0b055c1f17a72701f6
  depends:
  - perl >=5.32.1,<6.0a0 *_perl5
  - perl-io-compress
  - perl-io-zlib
  - perl-pathtools
  license: Perl_5
  purls: []
  size: 38811
  timestamp: 1780439474451
- conda: https://conda.anaconda.org/conda-forge/noarch/perl-carp-1.50-pl5321hd8ed1ab_0.tar.bz2
  sha256: 1981e31113e1e77a2cdc13db657c636f047cd3be2a64d9a0bffac03c5427c1bd
  md5: bdddc03e28019b902da71b722f2288d7
  depends:
  - perl >=5.32.1,<6.0a0 *_perl5
  - perl-exporter
  - perl-extutils-makemaker
  license: GPL-1.0-or-later OR Artistic-1.0-Perl
  license_family: OTHER
  purls: []
  size: 22257
  timestamp: 1636653208008
- conda: https://conda.anaconda.org/conda-forge/noarch/perl-common-sense-3.75-pl5321hd8ed1ab_0.tar.bz2
  sha256: 38ef218e9b9d55b9fbdce6b31cf81bcf6f1b16f21b8e7cb9279b41399522a320
  md5: ef70dc77e8b10bbb62f5e843b401ef0e
  depends:
  - perl >=5.32.1,<6.0a0 *_perl5
  license: GPL-1.0-or-later OR Artistic-1.0-Perl
  license_family: OTHER
  purls: []
  size: 20291
  timestamp: 1660429950685
- conda: https://conda.anaconda.org/conda-forge/osx-arm64/perl-compress-raw-bzip2-2.214-pl5321h2ddc596_0.conda
  sha256: ef4c03b93bda20fbf1e14aaed8d2dfab47be84c87a2ebcad33304dcd91ff963e
  md5: 11449b58306c8d2334895cee4420b73b
  depends:
  - __osx >=11.0
  - perl >=5.32.1,<5.33.0a0 *_perl5
  license: GPL-1.0-or-later OR Artistic-1.0-Perl
  license_family: OTHER
  purls: []
  size: 53995
  timestamp: 1761332770399
- conda: https://conda.anaconda.org/conda-forge/osx-arm64/perl-compress-raw-zlib-2.214-pl5321ha1c2b25_0.conda
  sha256: 4f52ea95e8d3ffcb2b0d330dd45300f930565d76852795f1dd26970930855ffd
  md5: ea7d19c2d6142748d7a8b4e71fb1616e
  depends:
  - __osx >=11.0
  - perl >=5.32.1,<5.33.0a0 *_perl5
  license: GPL-1.0-or-later OR Artistic-1.0-Perl
  license_family: OTHER
  purls: []
  size: 74597
  timestamp: 1761332854921
- conda: https://conda.anaconda.org/conda-forge/osx-arm64/perl-encode-3.24-pl5321h84a0fba_0.conda
  sha256: 48da6482dcaf6a42f3d47acae535d63ab7422dfedfee953383878b029c6b1e02
  md5: 95965ba94a947fdd675fd5392ab1f5a1
  depends:
  - __osx >=11.0
  - perl >=5.32.1,<5.33.0a0 *_perl5
  - perl-exporter
  - perl-parent
  - perl-storable
  license: GPL-1.0-or-later OR Artistic-1.0-Perl
  purls: []
  size: 1088324
  timestamp: 1780396696359
- conda: https://conda.anaconda.org/conda-forge/noarch/perl-exporter-5.74-pl5321hd8ed1ab_0.tar.bz2
  sha256: 42271d0b79043a10a89044acb5febea50046b745dd2fc37e02943bc3bc75bf8e
  md5: fd2eac4e35f8c970870a3961c1df3e29
  depends:
  - perl >=5.32.1,<6.0a0 *_perl5
  license: GPL-1.0-or-later OR Artistic-1.0-Perl
  license_family: OTHER
  purls: []
  size: 19071
  timestamp: 1636696009075
- conda: https://conda.anaconda.org/conda-forge/noarch/perl-exporter-tiny-1.002002-pl5321hd8ed1ab_0.tar.bz2
  sha256: abdf86828a12a389d0feb0d70501b267842557bae11820e266526aeb6ab2bebe
  md5: 48d709826875be1f2c108d3d1d8efec7
  depends:
  - perl >=5.32.1,<6.0a0 *_perl5
  license: GPL-1.0-or-later OR Artistic-1.0-Perl
  license_family: OTHER
  purls: []
  size: 28592
  timestamp: 1660341479867
- conda: https://conda.anaconda.org/conda-forge/noarch/perl-extutils-makemaker-7.70-pl5321hd8ed1ab_0.conda
  sha256: 1d3f342ca74cf2948c3edcfe0d3367b1db0fc64bb163393a2e025336dec3a40c
  md5: ec3e57ed34f7765bfc7054a05868ce5d
  depends:
  - perl >=5.32.1,<6.0a0 *_perl5
  license: GPL-1.0-or-later OR Artistic-1.0-Perl
  license_family: OTHER
  purls: []
  size: 157323
  timestamp: 1679847836884
- conda: https://conda.anaconda.org/bioconda/osx-arm64/perl-io-compress-2.216-pl5321haef7865_0.conda
  sha256: 9e7fa17e5eca67ac395b97610deefd861ee6564c8e2f06ea1bfff782551c90f9
  md5: 0431eb5b4aeea11a058a3e639b7379d7
  depends:
  - libcxx >=18
  - perl >=5.32.1,<5.33.0a0 *_perl5
  - perl-compress-raw-bzip2 >=2.214
  - perl-compress-raw-zlib >=2.214
  - perl-encode
  - perl-scalar-list-utils
  license: Perl_5
  purls: []
  size: 88298
  timestamp: 1769815017664
- conda: https://conda.anaconda.org/bioconda/noarch/perl-io-zlib-1.15-pl5321hdfd78af_1.tar.bz2
  sha256: 771a44b338cac68a22893897450222b886e24bbb291b014897d561f2ba3b588f
  md5: db92645dabe9467115729e4479841b5d
  depends:
  - perl >=5.32.1,<6.0a0 *_perl5
  license: GPL-1.0-or-later OR Artistic-1.0-Perl
  purls: []
  size: 12760
  timestamp: 1752069858135
- conda: https://conda.anaconda.org/bioconda/noarch/perl-json-4.11-pl5321hdfd78af_0.conda
  sha256: 1c1649f491c76f4ae2984b547701df91c8abfda2e3b7b44e0c007f5e78a87c08
  md5: 56411755d21870a9ec16c76fd7b66dba
  depends:
  - perl >=5.32.1,<6.0a0 *_perl5
  - perl-json-xs
  license: GPL-1.0-or-later OR Artistic-1.0-Perl
  purls: []
  size: 52845
  timestamp: 1774152885168
- conda: https://conda.anaconda.org/bioconda/osx-arm64/perl-json-xs-4.04-pl5321h4675bf2_0.conda
  sha256: 0a83c4cee65c1beb748948ad1017ff9fbdb3d64cc3eb13599e938f06cd609cbe
  md5: 7b47788061026d732bab29c1b24a9c92
  depends:
  - libcxx >=18
  - perl >=5.32.1,<5.33.0a0 *_perl5
  - perl-common-sense
  - perl-types-serialiser
  license: GPL-1.0-or-later OR Artistic-1.0-Perl
  size: 68334
  timestamp: 1757351554241
- conda: https://conda.anaconda.org/bioconda/noarch/perl-list-moreutils-0.430-pl5321hdfd78af_0.tar.bz2
  sha256: 2190cc8430bb218ea80f5fc5e2bf75e4e20a27fb83e8c3cb789a18c32854a56c
  md5: 7f04c79d216d0f8e7b6d5a51de4aafa0
  depends:
  - perl >=5.32.1,<6.0a0 *_perl5
  - perl-exporter-tiny
  - perl-list-moreutils-xs >=0.430
  license: apache_2_0
  purls: []
  size: 32468
  timestamp: 1644871004171
- conda: https://conda.anaconda.org/bioconda/osx-arm64/perl-list-moreutils-xs-0.430-pl5321hbdacb55_5.tar.bz2
  sha256: 46d9645a60edde726f5891ae254db4bb2a17f0e32ff64a18160910c4a618d879
  md5: 4f44dd7b4232e9c202a72d17f9d1c287
  depends:
  - perl >=5.32.1,<5.33.0a0 *_perl5
  license: apache_2_0
  purls: []
  size: 43423
  timestamp: 1741776343291
- conda: https://conda.anaconda.org/conda-forge/noarch/perl-parent-0.243-pl5321hd8ed1ab_0.conda
  sha256: ec57d9e56ba86d840d5a9e65c665365fb6a290851cd13e6719628f3295eabf34
  md5: 314caa3b72d65f8078d426c6721dcacc
  depends:
  - perl >=5.32.1,<6.0a0 *_perl5
  license: GPL-1.0-or-later OR Artistic-1.0-Perl
  license_family: OTHER
  purls: []
  size: 13933
  timestamp: 1733429736293
- conda: https://conda.anaconda.org/conda-forge/osx-arm64/perl-pathtools-3.75-pl5321hc71e825_2.conda
  sha256: 85eca77264dfe63673098dbc5d07a576c20f8aca6fada79041ad4ca24742d83d
  md5: c27e14dadd37c355bd3160a0a4830653
  depends:
  - __osx >=11.0
  - perl >=5.32.1,<5.33.0a0 *_perl5
  - perl-carp
  license: GPL-1.0-or-later OR Artistic-1.0-Perl
  license_family: OTHER
  purls: []
  size: 49073
  timestamp: 1741783420655
- conda: https://conda.anaconda.org/conda-forge/osx-arm64/perl-scalar-list-utils-1.70-pl5321h44e845a_0.conda
  sha256: 6dea0dd8ea98d807866c3d469afe658dbbf6153f0ac9e9fecd15dc76c96225ef
  md5: aad96d9728726b11fc1b451c247a9fdb
  depends:
  - __osx >=11.0
  - perl >=5.32.1,<5.33.0a0 *_perl5
  license: GPL-1.0-or-later OR Artistic-1.0-Perl
  license_family: OTHER
  purls: []
  size: 46900
  timestamp: 1753965963335
- conda: https://conda.anaconda.org/conda-forge/osx-arm64/perl-storable-3.15-pl5321hc71e825_2.conda
  sha256: 7e0cfec98f6a4ee7f4ce7e18d9efc748a8bdf1462081a1897c445f709a791d0c
  md5: 8574488332db7649d4f87120553ec179
  depends:
  - __osx >=11.0
  - perl >=5.32.1,<5.33.0a0 *_perl5
  license: GPL-1.0-or-later OR Artistic-1.0-Perl
  license_family: OTHER
  purls: []
  size: 63402
  timestamp: 1741353964208
- conda: https://conda.anaconda.org/bioconda/noarch/perl-types-serialiser-1.01-pl5321hdfd78af_0.tar.bz2
  sha256: 20f61217b16235d0161ad6fa0a234585afcc04ec5a6142c65b5867e26216dfe3
  md5: cfc65753e827bbef80c00eaa395f6ae7
  depends:
  - perl >=5.32.1,<6.0a0 *_perl5
  - perl-common-sense
  license: perl_5
  purls: []
  size: 13136
  timestamp: 1644512391683
- pypi: https://files.pythonhosted.org/packages/e0/2f/6f492108d9955bac97979d9949c1b35eab30fc630b1f22bbdd2c7cacbab4/plotly-7.0.0-py3-none-any.whl
  name: plotly
  version: 7.0.0
  sha256: 78cbf7bd06d1b05bb3b8ec1b709864695229b55151b6f7530fbf55517ead6fdd
  requires_dist:
  - narwhals>=1.15.1
  - packaging
  - anywidget ; extra == 'dev'
  - build ; extra == 'dev'
  - colorcet ; extra == 'dev'
  - fiona<=1.9.6 ; python_full_version < '3.9' and extra == 'dev'
  - geopandas ; extra == 'dev'
  - inflect ; extra == 'dev'
  - jupyter-builder ; extra == 'dev'
  - jupyterlab ; extra == 'dev'
  - kaleido>=1.3.0 ; extra == 'dev'
  - numpy>=1.22 ; extra == 'dev'
  - orjson ; extra == 'dev'
  - pandas ; extra == 'dev'
  - pdfrw ; extra == 'dev'
  - pillow ; extra == 'dev'
  - polars[timezone] ; extra == 'dev'
  - pyarrow ; extra == 'dev'
  - pytest ; extra == 'dev'
  - pytz ; extra == 'dev'
  - requests ; extra == 'dev'
  - ruff==0.11.12 ; extra == 'dev'
  - scikit-image ; extra == 'dev'
  - scipy ; extra == 'dev'
  - statsmodels ; extra == 'dev'
  - vaex ; python_full_version < '3.10' and extra == 'dev'
  - xarray ; extra == 'dev'
  - build ; extra == 'dev-build'
  - jupyter-builder ; extra == 'dev-build'
  - pytest ; extra == 'dev-build'
  - requests ; extra == 'dev-build'
  - ruff==0.11.12 ; extra == 'dev-build'
  - inflect ; extra == 'dev-codegen'
  - pytest ; extra == 'dev-codegen'
  - requests ; extra == 'dev-codegen'
  - ruff==0.11.12 ; extra == 'dev-codegen'
  - pytest ; extra == 'dev-core'
  - requests ; extra == 'dev-core'
  - ruff==0.11.12 ; extra == 'dev-core'
  - anywidget ; extra == 'dev-optional'
  - build ; extra == 'dev-optional'
  - colorcet ; extra == 'dev-optional'
  - fiona<=1.9.6 ; python_full_version < '3.9' and extra == 'dev-optional'
  - geopandas ; extra == 'dev-optional'
  - inflect ; extra == 'dev-optional'
  - jupyter-builder ; extra == 'dev-optional'
  - jupyterlab ; extra == 'dev-optional'
  - kaleido>=1.3.0 ; extra == 'dev-optional'
  - numpy>=1.22 ; extra == 'dev-optional'
  - orjson ; extra == 'dev-optional'
  - pandas ; extra == 'dev-optional'
  - pdfrw ; extra == 'dev-optional'
  - pillow ; extra == 'dev-optional'
  - polars[timezone] ; extra == 'dev-optional'
  - pyarrow ; extra == 'dev-optional'
  - pytest ; extra == 'dev-optional'
  - pytz ; extra == 'dev-optional'
  - requests ; extra == 'dev-optional'
  - ruff==0.11.12 ; extra == 'dev-optional'
  - scikit-image ; extra == 'dev-optional'
  - scipy ; extra == 'dev-optional'
  - statsmodels ; extra == 'dev-optional'
  - vaex ; python_full_version < '3.10' and extra == 'dev-optional'
  - xarray ; extra == 'dev-optional'
  - numpy>=1,<2 ; extra == 'dev-pandas1'
  - pandas>=1,<2 ; extra == 'dev-pandas1'
  - setuptools<82 ; extra == 'dev-pandas1'
  - pandas>=2,<3 ; extra == 'dev-pandas2'
  - pandas>=3 ; python_full_version >= '3.11' and extra == 'dev-pandas3'
  - numpy>=1.22 ; extra == 'express'
  - kaleido>=1.3.0 ; extra == 'kaleido'
  requires_python: '>=3.8'
- pypi: https://files.pythonhosted.org/packages/11/64/42ec1b0bd72d87f87bde6ceb6869f444d91a2d601f2e67cd05febc0346a1/PyQt5-5.15.11-cp38-abi3-macosx_11_0_arm64.whl
  name: pyqt5
  version: 5.15.11
  sha256: c8b03dd9380bb13c804f0bdb0f4956067f281785b5e12303d529f0462f9afdc2
  requires_dist:
  - pyqt5-sip>=12.15,<13
  - pyqt5-qt5>=5.15.2,<5.16.0
  requires_python: '>=3.8'
- pypi: https://files.pythonhosted.org/packages/1c/d0/fd4876b90bbadaa92444ff452ab78d9ba839014a6d303e77d29c0c591631/pyqt5_qt5-5.15.19-py3-none-macosx_11_0_arm64.whl
  name: pyqt5-qt5
  version: 5.15.19
  sha256: 66fa299dcdea1f430edbd6f6ca3dcb20430f19c508d13e3aa851d19034b7be7e
- pypi: https://files.pythonhosted.org/packages/bf/0c/d3475b2f91d724d87e7bd43193521fd452b025c29c28308c00c8e8b82cbb/pyqt5_sip-12.19.0-cp312-cp312-macosx_10_9_universal2.whl
  name: pyqt5-sip
  version: 12.19.0
  sha256: 6f7cd8a868f20fe450b6d17016ff0b0e0c8fecf32d620dcbf319a2174cbcad00
  requires_python: '>=3.10'
- pypi: https://files.pythonhosted.org/packages/32/36/4c242f81fdcbfa4fb62a5645f6af79191f4097a0577bd5460c24f19cc4ef/pyqtgraph-0.14.0-py3-none-any.whl
  name: pyqtgraph
  version: 0.14.0
  sha256: 7abb7c3e17362add64f8711b474dffac5e7b0e9245abdf992e9a44119b7aa4f5
  requires_dist:
  - numpy>=1.25.0
  - colorama
  requires_python: '>=3.10'
- pypi: https://files.pythonhosted.org/packages/2e/3d/8961b3bb00c0979280a1a160c745e1d543b4d5823f8a71dfa370898b5699/PyQtWebEngine-5.15.7-cp38-abi3-macosx_11_0_arm64.whl
  name: pyqtwebengine
  version: 5.15.7
  sha256: e17187d9a3db3bab041f31385ed72832312557fefc5bd63ae4692df306dc1572
  requires_dist:
  - pyqt5-sip>=12.13,<13
  - pyqtwebengine-qt5>=5.15.0,<5.16.0
  - pyqt5>=5.15.4
  requires_python: '>=3.8'
- pypi: https://files.pythonhosted.org/packages/6c/a0/119d8be390b561539dccedc7135ddac8ac303c54dad8ea45fd163f58d288/pyqtwebengine_qt5-5.15.19-py3-none-macosx_11_0_arm64.whl
  name: pyqtwebengine-qt5
  version: 5.15.19
  sha256: 0b164a7de87a6c1abcf920dd155c9494f2a9b7ecd54d05ca4aaa1ebc157634c4
- conda: https://conda.anaconda.org/conda-forge/osx-arm64/python-3.12.14-hd05a0c4_3_cpython.conda
  build_number: 3
  sha256: fee8a2dd8a6ee98d430625d4c0f705e86c1154b1eeae5e10004c3c4d7d536eba
  md5: 287a1be640df74bd3e2b9d76b2a7b300
  depends:
  - __osx >=11.0
  - bzip2 >=1.0.8,<2.0a0
  - libexpat >=2.8.1,<3.0a0
  - libffi >=3.7.0,<3.8.0a0
  - liblzma >=5.8.3,<6.0a0
  - libpython 3.12.14 h4e5ec87_3_cpython
  - libsqlite >=3.53.4,<4.0a0
  - libzlib >=1.3.2,<2.0a0
  - ncurses >=6.6,<7.0a0
  - openssl >=3.5.8,<4.0a0
  - readline >=8.3,<9.0a0
  - tk >=8.6.13,<8.7.0a0
  - tzdata
  constrains:
  - python_abi 3.12.* *_cp312
  license: Python-2.0
  purls: []
  size: 11705033
  timestamp: 1788407558326
- pypi: https://files.pythonhosted.org/packages/ec/57/56b9bcc3c9c6a792fcbaf139543cee77261f3651ca9da0c93f5c1221264b/python_dateutil-2.9.0.post0-py2.py3-none-any.whl
  name: python-dateutil
  version: 2.9.0.post0
  sha256: a8b2bc7bffae282281c8140a97d3aa9c14da0b136dfe83f850eea9a5f7470427
  requires_dist:
  - six>=1.5
  requires_python: '>=2.7,!=3.0.*,!=3.1.*,!=3.2.*'
- pypi: https://files.pythonhosted.org/packages/50/a0/488285cb71c61798e8f46d5df854b7df6da2bc06f4936a6c470ca47465eb/QLed-1.3.1-py2.py3-none-any.whl
  name: qled
  version: 1.3.1
  sha256: 58a3f0f29c2d6d0a6e5bd924e06ad0778b821a262bc7ccf9791d49233d0ef1d4
  requires_dist:
  - six
- conda: https://conda.anaconda.org/conda-forge/osx-arm64/readline-8.3-h8b90a29_1.conda
  sha256: d6782b430e6dce4fe8c7ac118cd988d5a193eb4a7f60741edfaede58016b6110
  md5: 9347fd56a002e6b58946831d48fe62f6
  depends:
  - __osx >=11.0
  - ncurses >=6.6,<7.0a0
  license: GPL-3.0-only
  license_family: GPL
  purls: []
  size: 314395
  timestamp: 1787033878899
- pypi: https://files.pythonhosted.org/packages/b7/ce/149a00dd41f10bc29e5921b496af8b574d8413afcd5e30dfa0ed46c2cc5e/six-1.17.0-py2.py3-none-any.whl
  name: six
  version: 1.17.0
  sha256: 4721f391ed90541fddacab5acf947aa0d3dc7d27b2e1e8eda2be8970586c3274
  requires_python: '>=2.7,!=3.0.*,!=3.1.*,!=3.2.*'
- conda: https://conda.anaconda.org/conda-forge/osx-arm64/tk-8.6.13-hbeba79b_4.conda
  sha256: 857d89087ae7f2c328cf256728affcb7343031a148b4af847334d248a9cf564c
  md5: 90a01bf394d1c594e0eb9258f967d828
  depends:
  - __osx >=11.0
  - libzlib >=1.3.2,<2.0a0
  license: TCL
  purls: []
  size: 3342183
  timestamp: 1787272852357
- conda: https://conda.anaconda.org/conda-forge/noarch/tzdata-2026c-h151e31d_0.conda
  sha256: b928c30ddcb0e3f544c6eade8352737e6e610e263276b90232db6a578ef899d8
  md5: fcb489df604d100968b737f2cb6076c6
  license: LicenseRef-Public-Domain
  purls: []
  size: 118849
  timestamp: 1784250406640
- conda: https://conda.anaconda.org/conda-forge/osx-arm64/wget-1.25.0-h7ba78b2_1.conda
  sha256: ede2c595d4a2ccbf2b693cdf94162d485967a1f72b1d65067a5b1a5a7f930162
  md5: f0766e3a7c268c83c736b16059813a8b
  depends:
  - __osx >=11.0
  - libidn2 >=2,<3.0a0
  - libunistring >=0,<1.0a0
  - libzlib >=1.3.1,<2.0a0
  - openssl >=3.5.5,<4.0a0
  - pcre2 >=10.47,<10.48.0a0
  - zlib
  license: GPL-3.0-or-later
  license_family: GPL
  purls: []
  size: 326073
  timestamp: 1772233693369
- conda: https://conda.anaconda.org/conda-forge/osx-arm64/zlib-1.3.2-h8088a28_3.conda
  sha256: ab46d85e4fcffff1b1c5cac517afa40b7ae784cf76fc9da1f55f6a6934291eb6
  md5: 2c966485853aa27985fbec7e3fcc4e77
  depends:
  - __osx >=11.0
  - libzlib 1.3.2 h8088a28_3
  license: Zlib
  license_family: Other
  purls: []
  size: 81744
  timestamp: 1785277062753
- conda: https://conda.anaconda.org/conda-forge/osx-arm64/zstd-1.5.7-hf451053_7.conda
  sha256: da867f5092eb0cb746d353694f0098031fd9817a4ce7d5743121209ae0f406ca
  md5: 4ec2684c73812cc2c3d78379384a39cc
  depends:
  - __osx >=11.0
  - libzlib >=1.3.2,<2.0a0
  license: BSD-3-Clause
  license_family: BSD
  purls: []
  size: 433687
  timestamp: 1786599629846
